
Microsoft Visual Studio Solution File, Format Version 12.00
# Visual Studio Version 17
VisualStudioVersion = 17.5.002.0
MinimumVisualStudioVersion = 10.0.40219.1
Project("{9A19103F-16F7-4668-BE54-9A1E7A4F7556}") = "Backend", "Backend\Backend.csproj", "{9AFBA4F8-C289-4975-8110-7C71CFEE3180}"
EndProject
Project("{9A19103F-16F7-4668-BE54-9A1E7A4F7556}") = "Shared", "Shared\Shared.csproj", "{1877DEA6-E2D7-43C9-AE1A-F012823DBF59}"
EndProject
Global
	GlobalSection(SolutionConfigurationPlatforms) = preSolution
		Debug|Any CPU = Debug|Any CPU
		Release|Any CPU = Release|Any CPU
	EndGlobalSection
	GlobalSection(ProjectConfigurationPlatforms) = postSolution
		{9AFBA4F8-C289-4975-8110-7C71CFEE3180}.Debug|Any CPU.ActiveCfg = Debug|Any CPU
		{9AFBA4F8-C289-4975-8110-7C71CFEE3180}.Debug|Any CPU.Build.0 = Debug|Any CPU
		{9AFBA4F8-C289-4975-8110-7C71CFEE3180}.Release|Any CPU.ActiveCfg = Release|Any CPU
		{9AFBA4F8-C289-4975-8110-7C71CFEE3180}.Release|Any CPU.Build.0 = Release|Any CPU
		{1877DEA6-E2D7-43C9-AE1A-F012823DBF59}.Debug|Any CPU.ActiveCfg = Debug|Any CPU
		{1877DEA6-E2D7-43C9-AE1A-F012823DBF59}.Debug|Any CPU.Build.0 = Debug|Any CPU
		{1877DEA6-E2D7-43C9-AE1A-F012823DBF59}.Release|Any CPU.ActiveCfg = Release|Any CPU
		{1877DEA6-E2D7-43C9-AE1A-F012823DBF59}.Release|Any CPU.Build.0 = Release|Any CPU
	EndGlobalSection
	GlobalSection(SolutionProperties) = preSolution
		HideSolutionNode = FALSE
	EndGlobalSection
	GlobalSection(ExtensibilityGlobals) = postSolution
		SolutionGuid = {4383F693-F240-4A03-BDD0-0C05A9C255F9}
	EndGlobalSection
EndGlobal
